
Microsoft Visual Studio Solution File, Format Version 12.00
# Visual Studio Version 17
VisualStudioVersion = 17.0.31903.59
MinimumVisualStudioVersion = 10.0.40219.1
Project("{FAE04EC0-301F-11D3-BF4B-00C04F79EFBC}") = "Automaton", "Automaton\Automaton.csproj", "{3D8F4A72-91C5-4E3B-B8A1-6F2D9E7C5A43}"
EndProject
Project("{FAE04EC0-301F-11D3-BF4B-00C04F79EFBC}") = "Automaton.Tests", "Automaton.Tests\Automaton.Tests.csproj", "{7C4E2B91-5A3D-4F6E-9D8B-1A2E3F4C5D67}"
EndProject
Project("{FAE04EC0-301F-11D3-BF4B-00C04F79EFBC}") = "Automaton.Benchmarks", "Automaton.Benchmarks\Automaton.Benchmarks.csproj", "{B1A2C3D4-E5F6-7890-ABCD-EF1234567890}"
EndProject
Project("{FAE04EC0-301F-11D3-BF4B-00C04F79EFBC}") = "Automaton.Patterns", "Automaton.Patterns\Automaton.Patterns.csproj", "{6005DD8A-8FAD-4C70-A9E4-A3B7A9C4C35D}"
EndProject
Project("{FAE04EC0-301F-11D3-BF4B-00C04F79EFBC}") = "Automaton.Patterns.Tests", "Automaton.Patterns.Tests\Automaton.Patterns.Tests.csproj", "{F3D0A092-B80E-4F6D-955C-CDF32D178650}"
EndProject
Project("{FAE04EC0-301F-11D3-BF4B-00C04F79EFBC}") = "Automaton.Resilience", "Automaton.Resilience\Automaton.Resilience.csproj", "{7A024056-CAC8-490D-AC12-4C6E4F39BEA6}"
EndProject
Project("{FAE04EC0-301F-11D3-BF4B-00C04F79EFBC}") = "Automaton.Resilience.Tests", "Automaton.Resilience.Tests\Automaton.Resilience.Tests.csproj", "{AD76AAB8-D264-4C78-A13D-0593E131C3A7}"
EndProject
Project("{FAE04EC0-301F-11D3-BF4B-00C04F79EFBC}") = "Abies", "Abies\Abies.csproj", "{7CEFAF99-FB3B-4177-800B-99E375562188}"
EndProject
Project("{FAE04EC0-301F-11D3-BF4B-00C04F79EFBC}") = "Abies.Tests", "Abies.Tests\Abies.Tests.csproj", "{5D965BD9-AEDB-4DDE-9634-ED222FD37D5D}"
EndProject
Project("{FAE04EC0-301F-11D3-BF4B-00C04F79EFBC}") = "Abies.Counter.Wasm", "Abies.Counter.Wasm\Abies.Counter.Wasm.csproj", "{9D33BD91-73E5-4708-8BA1-11BEFB9E1072}"
EndProject
Project("{FAE04EC0-301F-11D3-BF4B-00C04F79EFBC}") = "Abies.Benchmarks", "Abies.Benchmarks\Abies.Benchmarks.csproj", "{63D72B5A-3F8F-45E8-9A6A-8280D4AC8535}"
EndProject
Project("{FAE04EC0-301F-11D3-BF4B-00C04F79EFBC}") = "Abies.Benchmark.Wasm", "Abies.Benchmark.Wasm\Abies.Benchmark.Wasm.csproj", "{9709D211-DDAC-4143-B391-023C98C520A1}"
EndProject
Project("{FAE04EC0-301F-11D3-BF4B-00C04F79EFBC}") = "Abies.AppHost", "Abies.AppHost\Abies.AppHost.csproj", "{7347609D-A67F-4AA4-984A-365A4AB6278F}"
EndProject
Project("{FAE04EC0-301F-11D3-BF4B-00C04F79EFBC}") = "Abies.ServiceDefaults", "Abies.ServiceDefaults\Abies.ServiceDefaults.csproj", "{BDB8DB3F-11A9-4347-AE64-88F9598F2AE0}"
EndProject
Project("{FAE04EC0-301F-11D3-BF4B-00C04F79EFBC}") = "Abies.Browser", "Abies.Browser\Abies.Browser.csproj", "{0F128F16-8193-43A8-9CC0-C6845AD8910A}"
EndProject
Project("{FAE04EC0-301F-11D3-BF4B-00C04F79EFBC}") = "Abies.Conduit", "Abies.Conduit\Abies.Conduit.csproj", "{6C693CBE-8C24-48D3-842C-5A149A31C0F0}"
EndProject
Project("{FAE04EC0-301F-11D3-BF4B-00C04F79EFBC}") = "Abies.Conduit.Tests", "Abies.Conduit.Tests\Abies.Conduit.Tests.csproj", "{C15DA562-97BB-4E04-BF8D-67FAF51BC98C}"
EndProject
Project("{FAE04EC0-301F-11D3-BF4B-00C04F79EFBC}") = "Automaton.Patterns.EventSourcing.KurrentDB", "Automaton.Patterns.EventSourcing.KurrentDB\Automaton.Patterns.EventSourcing.KurrentDB.csproj", "{AA06F563-5596-4C2A-B420-D6FCE197A004}"
EndProject
Project("{FAE04EC0-301F-11D3-BF4B-00C04F79EFBC}") = "Automaton.Patterns.EventSourcing.KurrentDB.Tests", "Automaton.Patterns.EventSourcing.KurrentDB.Tests\Automaton.Patterns.EventSourcing.KurrentDB.Tests.csproj", "{01F541A6-AC30-4A5B-8780-2B61EAF74F89}"
EndProject
Project("{FAE04EC0-301F-11D3-BF4B-00C04F79EFBC}") = "Abies.Conduit.ReadStore.PostgreSQL", "Abies.Conduit.ReadStore.PostgreSQL\Abies.Conduit.ReadStore.PostgreSQL.csproj", "{8D1C2BDB-885F-4EC0-89F3-73D9A1030237}"
EndProject
Project("{FAE04EC0-301F-11D3-BF4B-00C04F79EFBC}") = "Abies.Conduit.ReadStore.PostgreSQL.Tests", "Abies.Conduit.ReadStore.PostgreSQL.Tests\Abies.Conduit.ReadStore.PostgreSQL.Tests.csproj", "{2EDB9375-7396-4545-A3E0-6B396799BAF2}"
EndProject
Project("{FAE04EC0-301F-11D3-BF4B-00C04F79EFBC}") = "Abies.Conduit.Api", "Abies.Conduit.Api\Abies.Conduit.Api.csproj", "{C8943DF8-B958-41FF-A32B-992152570A34}"
EndProject
Project("{FAE04EC0-301F-11D3-BF4B-00C04F79EFBC}") = "Abies.Conduit.Api.Tests", "Abies.Conduit.Api.Tests\Abies.Conduit.Api.Tests.csproj", "{49232E77-AFA4-4766-B163-2898718DFFA7}"
EndProject
Project("{FAE04EC0-301F-11D3-BF4B-00C04F79EFBC}") = "Abies.Conduit.Wasm", "Abies.Conduit.Wasm\Abies.Conduit.Wasm.csproj", "{E74A192D-6ED1-4019-830C-CD70006DA8CA}"
EndProject
Global
	GlobalSection(SolutionConfigurationPlatforms) = preSolution
		Debug|Any CPU = Debug|Any CPU
		Debug|x64 = Debug|x64
		Debug|x86 = Debug|x86
		Release|Any CPU = Release|Any CPU
		Release|x64 = Release|x64
		Release|x86 = Release|x86
	EndGlobalSection
	GlobalSection(ProjectConfigurationPlatforms) = postSolution
		{3D8F4A72-91C5-4E3B-B8A1-6F2D9E7C5A43}.Debug|Any CPU.ActiveCfg = Debug|Any CPU
		{3D8F4A72-91C5-4E3B-B8A1-6F2D9E7C5A43}.Debug|Any CPU.Build.0 = Debug|Any CPU
		{3D8F4A72-91C5-4E3B-B8A1-6F2D9E7C5A43}.Debug|x64.ActiveCfg = Debug|Any CPU
		{3D8F4A72-91C5-4E3B-B8A1-6F2D9E7C5A43}.Debug|x64.Build.0 = Debug|Any CPU
		{3D8F4A72-91C5-4E3B-B8A1-6F2D9E7C5A43}.Debug|x86.ActiveCfg = Debug|Any CPU
		{3D8F4A72-91C5-4E3B-B8A1-6F2D9E7C5A43}.Debug|x86.Build.0 = Debug|Any CPU
		{3D8F4A72-91C5-4E3B-B8A1-6F2D9E7C5A43}.Release|Any CPU.ActiveCfg = Release|Any CPU
		{3D8F4A72-91C5-4E3B-B8A1-6F2D9E7C5A43}.Release|Any CPU.Build.0 = Release|Any CPU
		{3D8F4A72-91C5-4E3B-B8A1-6F2D9E7C5A43}.Release|x64.ActiveCfg = Release|Any CPU
		{3D8F4A72-91C5-4E3B-B8A1-6F2D9E7C5A43}.Release|x64.Build.0 = Release|Any CPU
		{3D8F4A72-91C5-4E3B-B8A1-6F2D9E7C5A43}.Release|x86.ActiveCfg = Release|Any CPU
		{3D8F4A72-91C5-4E3B-B8A1-6F2D9E7C5A43}.Release|x86.Build.0 = Release|Any CPU
		{7C4E2B91-5A3D-4F6E-9D8B-1A2E3F4C5D67}.Debug|Any CPU.ActiveCfg = Debug|Any CPU
		{7C4E2B91-5A3D-4F6E-9D8B-1A2E3F4C5D67}.Debug|Any CPU.Build.0 = Debug|Any CPU
		{7C4E2B91-5A3D-4F6E-9D8B-1A2E3F4C5D67}.Debug|x64.ActiveCfg = Debug|Any CPU
		{7C4E2B91-5A3D-4F6E-9D8B-1A2E3F4C5D67}.Debug|x64.Build.0 = Debug|Any CPU
		{7C4E2B91-5A3D-4F6E-9D8B-1A2E3F4C5D67}.Debug|x86.ActiveCfg = Debug|Any CPU
		{7C4E2B91-5A3D-4F6E-9D8B-1A2E3F4C5D67}.Debug|x86.Build.0 = Debug|Any CPU
		{7C4E2B91-5A3D-4F6E-9D8B-1A2E3F4C5D67}.Release|Any CPU.ActiveCfg = Release|Any CPU
		{7C4E2B91-5A3D-4F6E-9D8B-1A2E3F4C5D67}.Release|Any CPU.Build.0 = Release|Any CPU
		{7C4E2B91-5A3D-4F6E-9D8B-1A2E3F4C5D67}.Release|x64.ActiveCfg = Release|Any CPU
		{7C4E2B91-5A3D-4F6E-9D8B-1A2E3F4C5D67}.Release|x64.Build.0 = Release|Any CPU
		{7C4E2B91-5A3D-4F6E-9D8B-1A2E3F4C5D67}.Release|x86.ActiveCfg = Release|Any CPU
		{7C4E2B91-5A3D-4F6E-9D8B-1A2E3F4C5D67}.Release|x86.Build.0 = Release|Any CPU
		{B1A2C3D4-E5F6-7890-ABCD-EF1234567890}.Debug|Any CPU.ActiveCfg = Debug|Any CPU
		{B1A2C3D4-E5F6-7890-ABCD-EF1234567890}.Debug|Any CPU.Build.0 = Debug|Any CPU
		{B1A2C3D4-E5F6-7890-ABCD-EF1234567890}.Debug|x64.ActiveCfg = Debug|Any CPU
		{B1A2C3D4-E5F6-7890-ABCD-EF1234567890}.Debug|x64.Build.0 = Debug|Any CPU
		{B1A2C3D4-E5F6-7890-ABCD-EF1234567890}.Debug|x86.ActiveCfg = Debug|Any CPU
		{B1A2C3D4-E5F6-7890-ABCD-EF1234567890}.Debug|x86.Build.0 = Debug|Any CPU
		{B1A2C3D4-E5F6-7890-ABCD-EF1234567890}.Release|Any CPU.ActiveCfg = Release|Any CPU
		{B1A2C3D4-E5F6-7890-ABCD-EF1234567890}.Release|Any CPU.Build.0 = Release|Any CPU
		{B1A2C3D4-E5F6-7890-ABCD-EF1234567890}.Release|x64.ActiveCfg = Release|Any CPU
		{B1A2C3D4-E5F6-7890-ABCD-EF1234567890}.Release|x64.Build.0 = Release|Any CPU
		{B1A2C3D4-E5F6-7890-ABCD-EF1234567890}.Release|x86.ActiveCfg = Release|Any CPU
		{B1A2C3D4-E5F6-7890-ABCD-EF1234567890}.Release|x86.Build.0 = Release|Any CPU
		{6005DD8A-8FAD-4C70-A9E4-A3B7A9C4C35D}.Debug|Any CPU.ActiveCfg = Debug|Any CPU
		{6005DD8A-8FAD-4C70-A9E4-A3B7A9C4C35D}.Debug|Any CPU.Build.0 = Debug|Any CPU
		{6005DD8A-8FAD-4C70-A9E4-A3B7A9C4C35D}.Debug|x64.ActiveCfg = Debug|Any CPU
		{6005DD8A-8FAD-4C70-A9E4-A3B7A9C4C35D}.Debug|x64.Build.0 = Debug|Any CPU
		{6005DD8A-8FAD-4C70-A9E4-A3B7A9C4C35D}.Debug|x86.ActiveCfg = Debug|Any CPU
		{6005DD8A-8FAD-4C70-A9E4-A3B7A9C4C35D}.Debug|x86.Build.0 = Debug|Any CPU
		{6005DD8A-8FAD-4C70-A9E4-A3B7A9C4C35D}.Release|Any CPU.ActiveCfg = Release|Any CPU
		{6005DD8A-8FAD-4C70-A9E4-A3B7A9C4C35D}.Release|Any CPU.Build.0 = Release|Any CPU
		{6005DD8A-8FAD-4C70-A9E4-A3B7A9C4C35D}.Release|x64.ActiveCfg = Release|Any CPU
		{6005DD8A-8FAD-4C70-A9E4-A3B7A9C4C35D}.Release|x64.Build.0 = Release|Any CPU
		{6005DD8A-8FAD-4C70-A9E4-A3B7A9C4C35D}.Release|x86.ActiveCfg = Release|Any CPU
		{6005DD8A-8FAD-4C70-A9E4-A3B7A9C4C35D}.Release|x86.Build.0 = Release|Any CPU
		{F3D0A092-B80E-4F6D-955C-CDF32D178650}.Debug|Any CPU.ActiveCfg = Debug|Any CPU
		{F3D0A092-B80E-4F6D-955C-CDF32D178650}.Debug|Any CPU.Build.0 = Debug|Any CPU
		{F3D0A092-B80E-4F6D-955C-CDF32D178650}.Debug|x64.ActiveCfg = Debug|Any CPU
		{F3D0A092-B80E-4F6D-955C-CDF32D178650}.Debug|x64.Build.0 = Debug|Any CPU
		{F3D0A092-B80E-4F6D-955C-CDF32D178650}.Debug|x86.ActiveCfg = Debug|Any CPU
		{F3D0A092-B80E-4F6D-955C-CDF32D178650}.Debug|x86.Build.0 = Debug|Any CPU
		{F3D0A092-B80E-4F6D-955C-CDF32D178650}.Release|Any CPU.ActiveCfg = Release|Any CPU
		{F3D0A092-B80E-4F6D-955C-CDF32D178650}.Release|Any CPU.Build.0 = Release|Any CPU
		{F3D0A092-B80E-4F6D-955C-CDF32D178650}.Release|x64.ActiveCfg = Release|Any CPU
		{F3D0A092-B80E-4F6D-955C-CDF32D178650}.Release|x64.Build.0 = Release|Any CPU
		{F3D0A092-B80E-4F6D-955C-CDF32D178650}.Release|x86.ActiveCfg = Release|Any CPU
		{F3D0A092-B80E-4F6D-955C-CDF32D178650}.Release|x86.Build.0 = Release|Any CPU
		{7A024056-CAC8-490D-AC12-4C6E4F39BEA6}.Debug|Any CPU.ActiveCfg = Debug|Any CPU
		{7A024056-CAC8-490D-AC12-4C6E4F39BEA6}.Debug|Any CPU.Build.0 = Debug|Any CPU
		{7A024056-CAC8-490D-AC12-4C6E4F39BEA6}.Debug|x64.ActiveCfg = Debug|Any CPU
		{7A024056-CAC8-490D-AC12-4C6E4F39BEA6}.Debug|x64.Build.0 = Debug|Any CPU
		{7A024056-CAC8-490D-AC12-4C6E4F39BEA6}.Debug|x86.ActiveCfg = Debug|Any CPU
		{7A024056-CAC8-490D-AC12-4C6E4F39BEA6}.Debug|x86.Build.0 = Debug|Any CPU
		{7A024056-CAC8-490D-AC12-4C6E4F39BEA6}.Release|Any CPU.ActiveCfg = Release|Any CPU
		{7A024056-CAC8-490D-AC12-4C6E4F39BEA6}.Release|Any CPU.Build.0 = Release|Any CPU
		{7A024056-CAC8-490D-AC12-4C6E4F39BEA6}.Release|x64.ActiveCfg = Release|Any CPU
		{7A024056-CAC8-490D-AC12-4C6E4F39BEA6}.Release|x64.Build.0 = Release|Any CPU
		{7A024056-CAC8-490D-AC12-4C6E4F39BEA6}.Release|x86.ActiveCfg = Release|Any CPU
		{7A024056-CAC8-490D-AC12-4C6E4F39BEA6}.Release|x86.Build.0 = Release|Any CPU
		{AD76AAB8-D264-4C78-A13D-0593E131C3A7}.Debug|Any CPU.ActiveCfg = Debug|Any CPU
		{AD76AAB8-D264-4C78-A13D-0593E131C3A7}.Debug|Any CPU.Build.0 = Debug|Any CPU
		{AD76AAB8-D264-4C78-A13D-0593E131C3A7}.Debug|x64.ActiveCfg = Debug|Any CPU
		{AD76AAB8-D264-4C78-A13D-0593E131C3A7}.Debug|x64.Build.0 = Debug|Any CPU
		{AD76AAB8-D264-4C78-A13D-0593E131C3A7}.Debug|x86.ActiveCfg = Debug|Any CPU
		{AD76AAB8-D264-4C78-A13D-0593E131C3A7}.Debug|x86.Build.0 = Debug|Any CPU
		{AD76AAB8-D264-4C78-A13D-0593E131C3A7}.Release|Any CPU.ActiveCfg = Release|Any CPU
		{AD76AAB8-D264-4C78-A13D-0593E131C3A7}.Release|Any CPU.Build.0 = Release|Any CPU
		{AD76AAB8-D264-4C78-A13D-0593E131C3A7}.Release|x64.ActiveCfg = Release|Any CPU
		{AD76AAB8-D264-4C78-A13D-0593E131C3A7}.Release|x64.Build.0 = Release|Any CPU
		{AD76AAB8-D264-4C78-A13D-0593E131C3A7}.Release|x86.ActiveCfg = Release|Any CPU
		{AD76AAB8-D264-4C78-A13D-0593E131C3A7}.Release|x86.Build.0 = Release|Any CPU
		{7CEFAF99-FB3B-4177-800B-99E375562188}.Debug|Any CPU.ActiveCfg = Debug|Any CPU
		{7CEFAF99-FB3B-4177-800B-99E375562188}.Debug|Any CPU.Build.0 = Debug|Any CPU
		{7CEFAF99-FB3B-4177-800B-99E375562188}.Debug|x64.ActiveCfg = Debug|Any CPU
		{7CEFAF99-FB3B-4177-800B-99E375562188}.Debug|x64.Build.0 = Debug|Any CPU
		{7CEFAF99-FB3B-4177-800B-99E375562188}.Debug|x86.ActiveCfg = Debug|Any CPU
		{7CEFAF99-FB3B-4177-800B-99E375562188}.Debug|x86.Build.0 = Debug|Any CPU
		{7CEFAF99-FB3B-4177-800B-99E375562188}.Release|Any CPU.ActiveCfg = Release|Any CPU
		{7CEFAF99-FB3B-4177-800B-99E375562188}.Release|Any CPU.Build.0 = Release|Any CPU
		{7CEFAF99-FB3B-4177-800B-99E375562188}.Release|x64.ActiveCfg = Release|Any CPU
		{7CEFAF99-FB3B-4177-800B-99E375562188}.Release|x64.Build.0 = Release|Any CPU
		{7CEFAF99-FB3B-4177-800B-99E375562188}.Release|x86.ActiveCfg = Release|Any CPU
		{7CEFAF99-FB3B-4177-800B-99E375562188}.Release|x86.Build.0 = Release|Any CPU
		{5D965BD9-AEDB-4DDE-9634-ED222FD37D5D}.Debug|Any CPU.ActiveCfg = Debug|Any CPU
		{5D965BD9-AEDB-4DDE-9634-ED222FD37D5D}.Debug|Any CPU.Build.0 = Debug|Any CPU
		{5D965BD9-AEDB-4DDE-9634-ED222FD37D5D}.Debug|x64.ActiveCfg = Debug|Any CPU
		{5D965BD9-AEDB-4DDE-9634-ED222FD37D5D}.Debug|x64.Build.0 = Debug|Any CPU
		{5D965BD9-AEDB-4DDE-9634-ED222FD37D5D}.Debug|x86.ActiveCfg = Debug|Any CPU
		{5D965BD9-AEDB-4DDE-9634-ED222FD37D5D}.Debug|x86.Build.0 = Debug|Any CPU
		{5D965BD9-AEDB-4DDE-9634-ED222FD37D5D}.Release|Any CPU.ActiveCfg = Release|Any CPU
		{5D965BD9-AEDB-4DDE-9634-ED222FD37D5D}.Release|Any CPU.Build.0 = Release|Any CPU
		{5D965BD9-AEDB-4DDE-9634-ED222FD37D5D}.Release|x64.ActiveCfg = Release|Any CPU
		{5D965BD9-AEDB-4DDE-9634-ED222FD37D5D}.Release|x64.Build.0 = Release|Any CPU
		{5D965BD9-AEDB-4DDE-9634-ED222FD37D5D}.Release|x86.ActiveCfg = Release|Any CPU
		{5D965BD9-AEDB-4DDE-9634-ED222FD37D5D}.Release|x86.Build.0 = Release|Any CPU
		{9D33BD91-73E5-4708-8BA1-11BEFB9E1072}.Debug|Any CPU.ActiveCfg = Debug|Any CPU
		{9D33BD91-73E5-4708-8BA1-11BEFB9E1072}.Debug|Any CPU.Build.0 = Debug|Any CPU
		{9D33BD91-73E5-4708-8BA1-11BEFB9E1072}.Debug|x64.ActiveCfg = Debug|Any CPU
		{9D33BD91-73E5-4708-8BA1-11BEFB9E1072}.Debug|x64.Build.0 = Debug|Any CPU
		{9D33BD91-73E5-4708-8BA1-11BEFB9E1072}.Debug|x86.ActiveCfg = Debug|Any CPU
		{9D33BD91-73E5-4708-8BA1-11BEFB9E1072}.Debug|x86.Build.0 = Debug|Any CPU
		{9D33BD91-73E5-4708-8BA1-11BEFB9E1072}.Release|Any CPU.ActiveCfg = Release|Any CPU
		{9D33BD91-73E5-4708-8BA1-11BEFB9E1072}.Release|Any CPU.Build.0 = Release|Any CPU
		{9D33BD91-73E5-4708-8BA1-11BEFB9E1072}.Release|x64.ActiveCfg = Release|Any CPU
		{9D33BD91-73E5-4708-8BA1-11BEFB9E1072}.Release|x64.Build.0 = Release|Any CPU
		{9D33BD91-73E5-4708-8BA1-11BEFB9E1072}.Release|x86.ActiveCfg = Release|Any CPU
		{9D33BD91-73E5-4708-8BA1-11BEFB9E1072}.Release|x86.Build.0 = Release|Any CPU
		{63D72B5A-3F8F-45E8-9A6A-8280D4AC8535}.Debug|Any CPU.ActiveCfg = Debug|Any CPU
		{63D72B5A-3F8F-45E8-9A6A-8280D4AC8535}.Debug|Any CPU.Build.0 = Debug|Any CPU
		{63D72B5A-3F8F-45E8-9A6A-8280D4AC8535}.Debug|x64.ActiveCfg = Debug|Any CPU
		{63D72B5A-3F8F-45E8-9A6A-8280D4AC8535}.Debug|x64.Build.0 = Debug|Any CPU
		{63D72B5A-3F8F-45E8-9A6A-8280D4AC8535}.Debug|x86.ActiveCfg = Debug|Any CPU
		{63D72B5A-3F8F-45E8-9A6A-8280D4AC8535}.Debug|x86.Build.0 = Debug|Any CPU
		{63D72B5A-3F8F-45E8-9A6A-8280D4AC8535}.Release|Any CPU.ActiveCfg = Release|Any CPU
		{63D72B5A-3F8F-45E8-9A6A-8280D4AC8535}.Release|Any CPU.Build.0 = Release|Any CPU
		{63D72B5A-3F8F-45E8-9A6A-8280D4AC8535}.Release|x64.ActiveCfg = Release|Any CPU
		{63D72B5A-3F8F-45E8-9A6A-8280D4AC8535}.Release|x64.Build.0 = Release|Any CPU
		{63D72B5A-3F8F-45E8-9A6A-8280D4AC8535}.Release|x86.ActiveCfg = Release|Any CPU
		{63D72B5A-3F8F-45E8-9A6A-8280D4AC8535}.Release|x86.Build.0 = Release|Any CPU
		{9709D211-DDAC-4143-B391-023C98C520A1}.Debug|Any CPU.ActiveCfg = Debug|Any CPU
		{9709D211-DDAC-4143-B391-023C98C520A1}.Debug|Any CPU.Build.0 = Debug|Any CPU
		{9709D211-DDAC-4143-B391-023C98C520A1}.Debug|x64.ActiveCfg = Debug|Any CPU
		{9709D211-DDAC-4143-B391-023C98C520A1}.Debug|x64.Build.0 = Debug|Any CPU
		{9709D211-DDAC-4143-B391-023C98C520A1}.Debug|x86.ActiveCfg = Debug|Any CPU
		{9709D211-DDAC-4143-B391-023C98C520A1}.Debug|x86.Build.0 = Debug|Any CPU
		{9709D211-DDAC-4143-B391-023C98C520A1}.Release|Any CPU.ActiveCfg = Release|Any CPU
		{9709D211-DDAC-4143-B391-023C98C520A1}.Release|Any CPU.Build.0 = Release|Any CPU
		{9709D211-DDAC-4143-B391-023C98C520A1}.Release|x64.ActiveCfg = Release|Any CPU
		{9709D211-DDAC-4143-B391-023C98C520A1}.Release|x64.Build.0 = Release|Any CPU
		{9709D211-DDAC-4143-B391-023C98C520A1}.Release|x86.ActiveCfg = Release|Any CPU
		{9709D211-DDAC-4143-B391-023C98C520A1}.Release|x86.Build.0 = Release|Any CPU
		{7347609D-A67F-4AA4-984A-365A4AB6278F}.Debug|Any CPU.ActiveCfg = Debug|Any CPU
		{7347609D-A67F-4AA4-984A-365A4AB6278F}.Debug|Any CPU.Build.0 = Debug|Any CPU
		{7347609D-A67F-4AA4-984A-365A4AB6278F}.Debug|x64.ActiveCfg = Debug|Any CPU
		{7347609D-A67F-4AA4-984A-365A4AB6278F}.Debug|x64.Build.0 = Debug|Any CPU
		{7347609D-A67F-4AA4-984A-365A4AB6278F}.Debug|x86.ActiveCfg = Debug|Any CPU
		{7347609D-A67F-4AA4-984A-365A4AB6278F}.Debug|x86.Build.0 = Debug|Any CPU
		{7347609D-A67F-4AA4-984A-365A4AB6278F}.Release|Any CPU.ActiveCfg = Release|Any CPU
		{7347609D-A67F-4AA4-984A-365A4AB6278F}.Release|Any CPU.Build.0 = Release|Any CPU
		{7347609D-A67F-4AA4-984A-365A4AB6278F}.Release|x64.ActiveCfg = Release|Any CPU
		{7347609D-A67F-4AA4-984A-365A4AB6278F}.Release|x64.Build.0 = Release|Any CPU
		{7347609D-A67F-4AA4-984A-365A4AB6278F}.Release|x86.ActiveCfg = Release|Any CPU
		{7347609D-A67F-4AA4-984A-365A4AB6278F}.Release|x86.Build.0 = Release|Any CPU
		{BDB8DB3F-11A9-4347-AE64-88F9598F2AE0}.Debug|Any CPU.ActiveCfg = Debug|Any CPU
		{BDB8DB3F-11A9-4347-AE64-88F9598F2AE0}.Debug|Any CPU.Build.0 = Debug|Any CPU
		{BDB8DB3F-11A9-4347-AE64-88F9598F2AE0}.Debug|x64.ActiveCfg = Debug|Any CPU
		{BDB8DB3F-11A9-4347-AE64-88F9598F2AE0}.Debug|x64.Build.0 = Debug|Any CPU
		{BDB8DB3F-11A9-4347-AE64-88F9598F2AE0}.Debug|x86.ActiveCfg = Debug|Any CPU
		{BDB8DB3F-11A9-4347-AE64-88F9598F2AE0}.Debug|x86.Build.0 = Debug|Any CPU
		{BDB8DB3F-11A9-4347-AE64-88F9598F2AE0}.Release|Any CPU.ActiveCfg = Release|Any CPU
		{BDB8DB3F-11A9-4347-AE64-88F9598F2AE0}.Release|Any CPU.Build.0 = Release|Any CPU
		{BDB8DB3F-11A9-4347-AE64-88F9598F2AE0}.Release|x64.ActiveCfg = Release|Any CPU
		{BDB8DB3F-11A9-4347-AE64-88F9598F2AE0}.Release|x64.Build.0 = Release|Any CPU
		{BDB8DB3F-11A9-4347-AE64-88F9598F2AE0}.Release|x86.ActiveCfg = Release|Any CPU
		{BDB8DB3F-11A9-4347-AE64-88F9598F2AE0}.Release|x86.Build.0 = Release|Any CPU
		{0F128F16-8193-43A8-9CC0-C6845AD8910A}.Debug|Any CPU.ActiveCfg = Debug|Any CPU
		{0F128F16-8193-43A8-9CC0-C6845AD8910A}.Debug|Any CPU.Build.0 = Debug|Any CPU
		{0F128F16-8193-43A8-9CC0-C6845AD8910A}.Debug|x64.ActiveCfg = Debug|Any CPU
		{0F128F16-8193-43A8-9CC0-C6845AD8910A}.Debug|x64.Build.0 = Debug|Any CPU
		{0F128F16-8193-43A8-9CC0-C6845AD8910A}.Debug|x86.ActiveCfg = Debug|Any CPU
		{0F128F16-8193-43A8-9CC0-C6845AD8910A}.Debug|x86.Build.0 = Debug|Any CPU
		{0F128F16-8193-43A8-9CC0-C6845AD8910A}.Release|Any CPU.ActiveCfg = Release|Any CPU
		{0F128F16-8193-43A8-9CC0-C6845AD8910A}.Release|Any CPU.Build.0 = Release|Any CPU
		{0F128F16-8193-43A8-9CC0-C6845AD8910A}.Release|x64.ActiveCfg = Release|Any CPU
		{0F128F16-8193-43A8-9CC0-C6845AD8910A}.Release|x64.Build.0 = Release|Any CPU
		{0F128F16-8193-43A8-9CC0-C6845AD8910A}.Release|x86.ActiveCfg = Release|Any CPU
		{0F128F16-8193-43A8-9CC0-C6845AD8910A}.Release|x86.Build.0 = Release|Any CPU
		{6C693CBE-8C24-48D3-842C-5A149A31C0F0}.Debug|Any CPU.ActiveCfg = Debug|Any CPU
		{6C693CBE-8C24-48D3-842C-5A149A31C0F0}.Debug|Any CPU.Build.0 = Debug|Any CPU
		{6C693CBE-8C24-48D3-842C-5A149A31C0F0}.Debug|x64.ActiveCfg = Debug|Any CPU
		{6C693CBE-8C24-48D3-842C-5A149A31C0F0}.Debug|x64.Build.0 = Debug|Any CPU
		{6C693CBE-8C24-48D3-842C-5A149A31C0F0}.Debug|x86.ActiveCfg = Debug|Any CPU
		{6C693CBE-8C24-48D3-842C-5A149A31C0F0}.Debug|x86.Build.0 = Debug|Any CPU
		{6C693CBE-8C24-48D3-842C-5A149A31C0F0}.Release|Any CPU.ActiveCfg = Release|Any CPU
		{6C693CBE-8C24-48D3-842C-5A149A31C0F0}.Release|Any CPU.Build.0 = Release|Any CPU
		{6C693CBE-8C24-48D3-842C-5A149A31C0F0}.Release|x64.ActiveCfg = Release|Any CPU
		{6C693CBE-8C24-48D3-842C-5A149A31C0F0}.Release|x64.Build.0 = Release|Any CPU
		{6C693CBE-8C24-48D3-842C-5A149A31C0F0}.Release|x86.ActiveCfg = Release|Any CPU
		{6C693CBE-8C24-48D3-842C-5A149A31C0F0}.Release|x86.Build.0 = Release|Any CPU
		{C15DA562-97BB-4E04-BF8D-67FAF51BC98C}.Debug|Any CPU.ActiveCfg = Debug|Any CPU
		{C15DA562-97BB-4E04-BF8D-67FAF51BC98C}.Debug|Any CPU.Build.0 = Debug|Any CPU
		{C15DA562-97BB-4E04-BF8D-67FAF51BC98C}.Debug|x64.ActiveCfg = Debug|Any CPU
		{C15DA562-97BB-4E04-BF8D-67FAF51BC98C}.Debug|x64.Build.0 = Debug|Any CPU
		{C15DA562-97BB-4E04-BF8D-67FAF51BC98C}.Debug|x86.ActiveCfg = Debug|Any CPU
		{C15DA562-97BB-4E04-BF8D-67FAF51BC98C}.Debug|x86.Build.0 = Debug|Any CPU
		{C15DA562-97BB-4E04-BF8D-67FAF51BC98C}.Release|Any CPU.ActiveCfg = Release|Any CPU
		{C15DA562-97BB-4E04-BF8D-67FAF51BC98C}.Release|Any CPU.Build.0 = Release|Any CPU
		{C15DA562-97BB-4E04-BF8D-67FAF51BC98C}.Release|x64.ActiveCfg = Release|Any CPU
		{C15DA562-97BB-4E04-BF8D-67FAF51BC98C}.Release|x64.Build.0 = Release|Any CPU
		{C15DA562-97BB-4E04-BF8D-67FAF51BC98C}.Release|x86.ActiveCfg = Release|Any CPU
		{C15DA562-97BB-4E04-BF8D-67FAF51BC98C}.Release|x86.Build.0 = Release|Any CPU
		{AA06F563-5596-4C2A-B420-D6FCE197A004}.Debug|Any CPU.ActiveCfg = Debug|Any CPU
		{AA06F563-5596-4C2A-B420-D6FCE197A004}.Debug|Any CPU.Build.0 = Debug|Any CPU
		{AA06F563-5596-4C2A-B420-D6FCE197A004}.Debug|x64.ActiveCfg = Debug|Any CPU
		{AA06F563-5596-4C2A-B420-D6FCE197A004}.Debug|x64.Build.0 = Debug|Any CPU
		{AA06F563-5596-4C2A-B420-D6FCE197A004}.Debug|x86.ActiveCfg = Debug|Any CPU
		{AA06F563-5596-4C2A-B420-D6FCE197A004}.Debug|x86.Build.0 = Debug|Any CPU
		{AA06F563-5596-4C2A-B420-D6FCE197A004}.Release|Any CPU.ActiveCfg = Release|Any CPU
		{AA06F563-5596-4C2A-B420-D6FCE197A004}.Release|Any CPU.Build.0 = Release|Any CPU
		{AA06F563-5596-4C2A-B420-D6FCE197A004}.Release|x64.ActiveCfg = Release|Any CPU
		{AA06F563-5596-4C2A-B420-D6FCE197A004}.Release|x64.Build.0 = Release|Any CPU
		{AA06F563-5596-4C2A-B420-D6FCE197A004}.Release|x86.ActiveCfg = Release|Any CPU
		{AA06F563-5596-4C2A-B420-D6FCE197A004}.Release|x86.Build.0 = Release|Any CPU
		{01F541A6-AC30-4A5B-8780-2B61EAF74F89}.Debug|Any CPU.ActiveCfg = Debug|Any CPU
		{01F541A6-AC30-4A5B-8780-2B61EAF74F89}.Debug|Any CPU.Build.0 = Debug|Any CPU
		{01F541A6-AC30-4A5B-8780-2B61EAF74F89}.Debug|x64.ActiveCfg = Debug|Any CPU
		{01F541A6-AC30-4A5B-8780-2B61EAF74F89}.Debug|x64.Build.0 = Debug|Any CPU
		{01F541A6-AC30-4A5B-8780-2B61EAF74F89}.Debug|x86.ActiveCfg = Debug|Any CPU
		{01F541A6-AC30-4A5B-8780-2B61EAF74F89}.Debug|x86.Build.0 = Debug|Any CPU
		{01F541A6-AC30-4A5B-8780-2B61EAF74F89}.Release|Any CPU.ActiveCfg = Release|Any CPU
		{01F541A6-AC30-4A5B-8780-2B61EAF74F89}.Release|Any CPU.Build.0 = Release|Any CPU
		{01F541A6-AC30-4A5B-8780-2B61EAF74F89}.Release|x64.ActiveCfg = Release|Any CPU
		{01F541A6-AC30-4A5B-8780-2B61EAF74F89}.Release|x64.Build.0 = Release|Any CPU
		{01F541A6-AC30-4A5B-8780-2B61EAF74F89}.Release|x86.ActiveCfg = Release|Any CPU
		{01F541A6-AC30-4A5B-8780-2B61EAF74F89}.Release|x86.Build.0 = Release|Any CPU
		{8D1C2BDB-885F-4EC0-89F3-73D9A1030237}.Debug|Any CPU.ActiveCfg = Debug|Any CPU
		{8D1C2BDB-885F-4EC0-89F3-73D9A1030237}.Debug|Any CPU.Build.0 = Debug|Any CPU
		{8D1C2BDB-885F-4EC0-89F3-73D9A1030237}.Debug|x64.ActiveCfg = Debug|Any CPU
		{8D1C2BDB-885F-4EC0-89F3-73D9A1030237}.Debug|x64.Build.0 = Debug|Any CPU
		{8D1C2BDB-885F-4EC0-89F3-73D9A1030237}.Debug|x86.ActiveCfg = Debug|Any CPU
		{8D1C2BDB-885F-4EC0-89F3-73D9A1030237}.Debug|x86.Build.0 = Debug|Any CPU
		{8D1C2BDB-885F-4EC0-89F3-73D9A1030237}.Release|Any CPU.ActiveCfg = Release|Any CPU
		{8D1C2BDB-885F-4EC0-89F3-73D9A1030237}.Release|Any CPU.Build.0 = Release|Any CPU
		{8D1C2BDB-885F-4EC0-89F3-73D9A1030237}.Release|x64.ActiveCfg = Release|Any CPU
		{8D1C2BDB-885F-4EC0-89F3-73D9A1030237}.Release|x64.Build.0 = Release|Any CPU
		{8D1C2BDB-885F-4EC0-89F3-73D9A1030237}.Release|x86.ActiveCfg = Release|Any CPU
		{8D1C2BDB-885F-4EC0-89F3-73D9A1030237}.Release|x86.Build.0 = Release|Any CPU
		{2EDB9375-7396-4545-A3E0-6B396799BAF2}.Debug|Any CPU.ActiveCfg = Debug|Any CPU
		{2EDB9375-7396-4545-A3E0-6B396799BAF2}.Debug|Any CPU.Build.0 = Debug|Any CPU
		{2EDB9375-7396-4545-A3E0-6B396799BAF2}.Debug|x64.ActiveCfg = Debug|Any CPU
		{2EDB9375-7396-4545-A3E0-6B396799BAF2}.Debug|x64.Build.0 = Debug|Any CPU
		{2EDB9375-7396-4545-A3E0-6B396799BAF2}.Debug|x86.ActiveCfg = Debug|Any CPU
		{2EDB9375-7396-4545-A3E0-6B396799BAF2}.Debug|x86.Build.0 = Debug|Any CPU
		{2EDB9375-7396-4545-A3E0-6B396799BAF2}.Release|Any CPU.ActiveCfg = Release|Any CPU
		{2EDB9375-7396-4545-A3E0-6B396799BAF2}.Release|Any CPU.Build.0 = Release|Any CPU
		{2EDB9375-7396-4545-A3E0-6B396799BAF2}.Release|x64.ActiveCfg = Release|Any CPU
		{2EDB9375-7396-4545-A3E0-6B396799BAF2}.Release|x64.Build.0 = Release|Any CPU
		{2EDB9375-7396-4545-A3E0-6B396799BAF2}.Release|x86.ActiveCfg = Release|Any CPU
		{2EDB9375-7396-4545-A3E0-6B396799BAF2}.Release|x86.Build.0 = Release|Any CPU
		{C8943DF8-B958-41FF-A32B-992152570A34}.Debug|Any CPU.ActiveCfg = Debug|Any CPU
		{C8943DF8-B958-41FF-A32B-992152570A34}.Debug|Any CPU.Build.0 = Debug|Any CPU
		{C8943DF8-B958-41FF-A32B-992152570A34}.Debug|x64.ActiveCfg = Debug|Any CPU
		{C8943DF8-B958-41FF-A32B-992152570A34}.Debug|x64.Build.0 = Debug|Any CPU
		{C8943DF8-B958-41FF-A32B-992152570A34}.Debug|x86.ActiveCfg = Debug|Any CPU
		{C8943DF8-B958-41FF-A32B-992152570A34}.Debug|x86.Build.0 = Debug|Any CPU
		{C8943DF8-B958-41FF-A32B-992152570A34}.Release|Any CPU.ActiveCfg = Release|Any CPU
		{C8943DF8-B958-41FF-A32B-992152570A34}.Release|Any CPU.Build.0 = Release|Any CPU
		{C8943DF8-B958-41FF-A32B-992152570A34}.Release|x64.ActiveCfg = Release|Any CPU
		{C8943DF8-B958-41FF-A32B-992152570A34}.Release|x64.Build.0 = Release|Any CPU
		{C8943DF8-B958-41FF-A32B-992152570A34}.Release|x86.ActiveCfg = Release|Any CPU
		{C8943DF8-B958-41FF-A32B-992152570A34}.Release|x86.Build.0 = Release|Any CPU
		{49232E77-AFA4-4766-B163-2898718DFFA7}.Debug|Any CPU.ActiveCfg = Debug|Any CPU
		{49232E77-AFA4-4766-B163-2898718DFFA7}.Debug|Any CPU.Build.0 = Debug|Any CPU
		{49232E77-AFA4-4766-B163-2898718DFFA7}.Debug|x64.ActiveCfg = Debug|Any CPU
		{49232E77-AFA4-4766-B163-2898718DFFA7}.Debug|x64.Build.0 = Debug|Any CPU
		{49232E77-AFA4-4766-B163-2898718DFFA7}.Debug|x86.ActiveCfg = Debug|Any CPU
		{49232E77-AFA4-4766-B163-2898718DFFA7}.Debug|x86.Build.0 = Debug|Any CPU
		{49232E77-AFA4-4766-B163-2898718DFFA7}.Release|Any CPU.ActiveCfg = Release|Any CPU
		{49232E77-AFA4-4766-B163-2898718DFFA7}.Release|Any CPU.Build.0 = Release|Any CPU
		{49232E77-AFA4-4766-B163-2898718DFFA7}.Release|x64.ActiveCfg = Release|Any CPU
		{49232E77-AFA4-4766-B163-2898718DFFA7}.Release|x64.Build.0 = Release|Any CPU
		{49232E77-AFA4-4766-B163-2898718DFFA7}.Release|x86.ActiveCfg = Release|Any CPU
		{49232E77-AFA4-4766-B163-2898718DFFA7}.Release|x86.Build.0 = Release|Any CPU
		{E74A192D-6ED1-4019-830C-CD70006DA8CA}.Debug|Any CPU.ActiveCfg = Debug|Any CPU
		{E74A192D-6ED1-4019-830C-CD70006DA8CA}.Debug|Any CPU.Build.0 = Debug|Any CPU
		{E74A192D-6ED1-4019-830C-CD70006DA8CA}.Debug|x64.ActiveCfg = Debug|Any CPU
		{E74A192D-6ED1-4019-830C-CD70006DA8CA}.Debug|x64.Build.0 = Debug|Any CPU
		{E74A192D-6ED1-4019-830C-CD70006DA8CA}.Debug|x86.ActiveCfg = Debug|Any CPU
		{E74A192D-6ED1-4019-830C-CD70006DA8CA}.Debug|x86.Build.0 = Debug|Any CPU
		{E74A192D-6ED1-4019-830C-CD70006DA8CA}.Release|Any CPU.ActiveCfg = Release|Any CPU
		{E74A192D-6ED1-4019-830C-CD70006DA8CA}.Release|Any CPU.Build.0 = Release|Any CPU
		{E74A192D-6ED1-4019-830C-CD70006DA8CA}.Release|x64.ActiveCfg = Release|Any CPU
		{E74A192D-6ED1-4019-830C-CD70006DA8CA}.Release|x64.Build.0 = Release|Any CPU
		{E74A192D-6ED1-4019-830C-CD70006DA8CA}.Release|x86.ActiveCfg = Release|Any CPU
		{E74A192D-6ED1-4019-830C-CD70006DA8CA}.Release|x86.Build.0 = Release|Any CPU
	EndGlobalSection
	GlobalSection(SolutionProperties) = preSolution
		HideSolutionNode = FALSE
	EndGlobalSection
EndGlobal
